// !$*UTF8*$!
{
	archiveVersion = 1;
	classes = {
	};
	objectVersion = 46;
	objects = {

/* Begin PBXBuildFile section */
		4EE62CEE14E8CD7A000C4928 /* UIKit.framework in Frameworks */ = {isa = PBXBuildFile; fileRef = 4EE62CED14E8CD7A000C4928 /* UIKit.framework */; };
		4EE62CF014E8CD7A000C4928 /* Foundation.framework in Frameworks */ = {isa = PBXBuildFile; fileRef = 4EE62CEF14E8CD7A000C4928 /* Foundation.framework */; };
		4EE62CF214E8CD7A000C4928 /* CoreGraphics.framework in Frameworks */ = {isa = PBXBuildFile; fileRef = 4EE62CF114E8CD7A000C4928 /* CoreGraphics.framework */; };
		4EE62CF814E8CD7A000C4928 /* InfoPlist.strings in Resources */ = {isa = PBXBuildFile; fileRef = 4EE62CF614E8CD7A000C4928 /* InfoPlist.strings */; };
		4EE62CFA14E8CD7A000C4928 /* main.m in Sources */ = {isa = PBXBuildFile; fileRef = 4EE62CF914E8CD7A000C4928 /* main.m */; };
		4EE62CFE14E8CD7A000C4928 /* AppDelegate.m in Sources */ = {isa = PBXBuildFile; fileRef = 4EE62CFD14E8CD7A000C4928 /* AppDelegate.m */; };
		4EE62D0114E8CD7A000C4928 /* MainStoryboard_iPhone.storyboard in Resources */ = {isa = PBXBuildFile; fileRef = 4EE62CFF14E8CD7A000C4928 /* MainStoryboard_iPhone.storyboard */; };
		4EE62D0414E8CD7A000C4928 /* MainStoryboard_iPad.storyboard in Resources */ = {isa = PBXBuildFile; fileRef = 4EE62D0214E8CD7A000C4928 /* MainStoryboard_iPad.storyboard */; };
		4EE62D0714E8CD7A000C4928 /* ViewController.m in Sources */ = {isa = PBXBuildFile; fileRef = 4EE62D0614E8CD7A000C4928 /* ViewController.m */; };
		4EE62D0F14E8CD7A000C4928 /* SenTestingKit.framework in Frameworks */ = {isa = PBXBuildFile; fileRef = 4EE62D0E14E8CD7A000C4928 /* SenTestingKit.framework */; };
		4EE62D1014E8CD7A000C4928 /* UIKit.framework in Frameworks */ = {isa = PBXBuildFile; fileRef = 4EE62CED14E8CD7A000C4928 /* UIKit.framework */; };
		4EE62D1114E8CD7A000C4928 /* Foundation.framework in Frameworks */ = {isa = PBXBuildFile; fileRef = 4EE62CEF14E8CD7A000C4928 /* Foundation.framework */; };
		4EE62D1914E8CD7A000C4928 /* InfoPlist.strings in Resources */ = {isa = PBXBuildFile; fileRef = 4EE62D1714E8CD7A000C4928 /* InfoPlist.strings */; };
		4EE62D1C14E8CD7A000C4928 /* GestureTestTests.m in Sources */ = {isa = PBXBuildFile; fileRef = 4EE62D1B14E8CD7A000C4928 /* GestureTestTests.m */; };
		4EE62D2614E8CDA7000C4928 /* halp.png in Resources */ = {isa = PBXBuildFile; fileRef = 4EE62D2514E8CDA7000C4928 /* halp.png */; };
/* End PBXBuildFile section */

/* Begin PBXContainerItemProxy section */
		4EE62D1214E8CD7A000C4928 /* PBXContainerItemProxy */ = {
			isa = PBXContainerItemProxy;
			containerPortal = 4EE62CE014E8CD79000C4928 /* Project object */;
			proxyType = 1;
			remoteGlobalIDString = 4EE62CE814E8CD79000C4928;
			remoteInfo = GestureTest;
		};
/* End PBXContainerItemProxy section */

/* Begin PBXFileReference section */
		4EE62CE914E8CD79000C4928 /* GestureTest.app */ = {isa = PBXFileReference; explicitFileType = wrapper.application; includeInIndex = 0; path = GestureTest.app; sourceTree = BUILT_PRODUCTS_DIR; };
		4EE62CED14E8CD7A000C4928 /* UIKit.framework */ = {isa = PBXFileReference; lastKnownFileType = wrapper.framework; name = UIKit.framework; path = System/Library/Frameworks/UIKit.framework; sourceTree = SDKROOT; };
		4EE62CEF14E8CD7A000C4928 /* Foundation.framework */ = {isa = PBXFileReference; lastKnownFileType = wrapper.framework; name = Foundation.framework; path = System/Library/Frameworks/Foundation.framework; sourceTree = SDKROOT; };
		4EE62CF114E8CD7A000C4928 /* CoreGraphics.framework */ = {isa = PBXFileReference; lastKnownFileType = wrapper.framework; name = CoreGraphics.framework; path = System/Library/Frameworks/CoreGraphics.framework; sourceTree = SDKROOT; };
		4EE62CF514E8CD7A000C4928 /* GestureTest-Info.plist */ = {isa = PBXFileReference; lastKnownFileType = text.plist.xml; path = "GestureTest-Info.plist"; sourceTree = "<group>"; };
		4EE62CF714E8CD7A000C4928 /* en */ = {isa = PBXFileReference; lastKnownFileType = text.plist.strings; name = en; path = en.lproj/InfoPlist.strings; sourceTree = "<group>"; };
		4EE62CF914E8CD7A000C4928 /* main.m */ = {isa = PBXFileReference; lastKnownFileType = sourcecode.c.objc; path = main.m; sourceTree = "<group>"; };
		4EE62CFB14E8CD7A000C4928 /* GestureTest-Prefix.pch */ = {isa = PBXFileReference; lastKnownFileType = sourcecode.c.h; path = "GestureTest-Prefix.pch"; sourceTree = "<group>"; };
		4EE62CFC14E8CD7A000C4928 /* AppDelegate.h */ = {isa = PBXFileReference; lastKnownFileType = sourcecode.c.h; path = AppDelegate.h; sourceTree = "<group>"; };
		4EE62CFD14E8CD7A000C4928 /* AppDelegate.m */ = {isa = PBXFileReference; lastKnownFileType = sourcecode.c.objc; path = AppDelegate.m; sourceTree = "<group>"; };
		4EE62D0014E8CD7A000C4928 /* en */ = {isa = PBXFileReference; lastKnownFileType = file.storyboard; name = en; path = en.lproj/MainStoryboard_iPhone.storyboard; sourceTree = "<group>"; };
		4EE62D0314E8CD7A000C4928 /* en */ = {isa = PBXFileReference; lastKnownFileType = file.storyboard; name = en; path = en.lproj/MainStoryboard_iPad.storyboard; sourceTree = "<group>"; };
		4EE62D0514E8CD7A000C4928 /* ViewController.h */ = {isa = PBXFileReference; lastKnownFileType = sourcecode.c.h; path = ViewController.h; sourceTree = "<group>"; };
		4EE62D0614E8CD7A000C4928 /* ViewController.m */ = {isa = PBXFileReference; lastKnownFileType = sourcecode.c.objc; path = ViewController.m; sourceTree = "<group>"; };
		4EE62D0D14E8CD7A000C4928 /* GestureTestTests.octest */ = {isa = PBXFileReference; explicitFileType = wrapper.cfbundle; includeInIndex = 0; path = GestureTestTests.octest; sourceTree = BUILT_PRODUCTS_DIR; };
		4EE62D0E14E8CD7A000C4928 /* SenTestingKit.framework */ = {isa = PBXFileReference; lastKnownFileType = wrapper.framework; name = SenTestingKit.framework; path = Library/Frameworks/SenTestingKit.framework; sourceTree = DEVELOPER_DIR; };
		4EE62D1614E8CD7A000C4928 /* GestureTestTests-Info.plist */ = {isa = PBXFileReference; lastKnownFileType = text.plist.xml; path = "GestureTestTests-Info.plist"; sourceTree = "<group>"; };
		4EE62D1814E8CD7A000C4928 /* en */ = {isa = PBXFileReference; lastKnownFileType = text.plist.strings; name = en; path = en.lproj/InfoPlist.strings; sourceTree = "<group>"; };
		4EE62D1A14E8CD7A000C4928 /* GestureTestTests.h */ = {isa = PBXFileReference; lastKnownFileType = sourcecode.c.h; path = GestureTestTests.h; sourceTree = "<group>"; };
		4EE62D1B14E8CD7A000C4928 /* GestureTestTests.m */ = {isa = PBXFileReference; lastKnownFileType = sourcecode.c.objc; path = GestureTestTests.m; sourceTree = "<group>"; };
		4EE62D2514E8CDA7000C4928 /* halp.png */ = {isa = PBXFileReference; lastKnownFileType = image.png; path = halp.png; sourceTree = "<group>"; };
/* End PBXFileReference section */

/* Begin PBXFrameworksBuildPhase section */
		4EE62CE614E8CD79000C4928 /* Frameworks */ = {
			isa = PBXFrameworksBuildPhase;
			buildActionMask = 2147483647;
			files = (
				4EE62CEE14E8CD7A000C4928 /* UIKit.framework in Frameworks */,
				4EE62CF014E8CD7A000C4928 /* Foundation.framework in Frameworks */,
				4EE62CF214E8CD7A000C4928 /* CoreGraphics.framework in Frameworks */,
			);
			runOnlyForDeploymentPostprocessing = 0;
		};
		4EE62D0914E8CD7A000C4928 /* Frameworks */ = {
			isa = PBXFrameworksBuildPhase;
			buildActionMask = 2147483647;
			files = (
				4EE62D0F14E8CD7A000C4928 /* SenTestingKit.framework in Frameworks */,
				4EE62D1014E8CD7A000C4928 /* UIKit.framework in Frameworks */,
				4EE62D1114E8CD7A000C4928 /* Foundation.framework in Frameworks */,
			);
			runOnlyForDeploymentPostprocessing = 0;
		};
/* End PBXFrameworksBuildPhase section */

/* Begin PBXGroup section */
		4EE62CDE14E8CD79000C4928 = {
			isa = PBXGroup;
			children = (
				4EE62CF314E8CD7A000C4928 /* GestureTest */,
				4EE62D1414E8CD7A000C4928 /* GestureTestTests */,
				4EE62CEC14E8CD79000C4928 /* Frameworks */,
				4EE62CEA14E8CD79000C4928 /* Products */,
			);
			sourceTree = "<group>";
		};
		4EE62CEA14E8CD79000C4928 /* Products */ = {
			isa = PBXGroup;
			children = (
				4EE62CE914E8CD79000C4928 /* GestureTest.app */,
				4EE62D0D14E8CD7A000C4928 /* GestureTestTests.octest */,
			);
			name = Products;
			sourceTree = "<group>";
		};
		4EE62CEC14E8CD79000C4928 /* Frameworks */ = {
			isa = PBXGroup;
			children = (
				4EE62CED14E8CD7A000C4928 /* UIKit.framework */,
				4EE62CEF14E8CD7A000C4928 /* Foundation.framework */,
				4EE62CF114E8CD7A000C4928 /* CoreGraphics.framework */,
				4EE62D0E14E8CD7A000C4928 /* SenTestingKit.framework */,
			);
			name = Frameworks;
			sourceTree = "<group>";
		};
		4EE62CF314E8CD7A000C4928 /* GestureTest */ = {
			isa = PBXGroup;
			children = (
				4EE62CFC14E8CD7A000C4928 /* AppDelegate.h */,
				4EE62CFD14E8CD7A000C4928 /* AppDelegate.m */,
				4EE62CFF14E8CD7A000C4928 /* MainStoryboard_iPhone.storyboard */,
				4EE62D0214E8CD7A000C4928 /* MainStoryboard_iPad.storyboard */,
				4EE62D0514E8CD7A000C4928 /* ViewController.h */,
				4EE62D0614E8CD7A000C4928 /* ViewController.m */,
				4EE62D2514E8CDA7000C4928 /* halp.png */,
				4EE62CF414E8CD7A000C4928 /* Supporting Files */,
			);
			path = GestureTest;
			sourceTree = "<group>";
		};
		4EE62CF414E8CD7A000C4928 /* Supporting Files */ = {
			isa = PBXGroup;
			children = (
				4EE62CF514E8CD7A000C4928 /* GestureTest-Info.plist */,
				4EE62CF614E8CD7A000C4928 /* InfoPlist.strings */,
				4EE62CF914E8CD7A000C4928 /* main.m */,
				4EE62CFB14E8CD7A000C4928 /* GestureTest-Prefix.pch */,
			);
			name = "Supporting Files";
			sourceTree = "<group>";
		};
		4EE62D1414E8CD7A000C4928 /* GestureTestTests */ = {
			isa = PBXGroup;
			children = (
				4EE62D1A14E8CD7A000C4928 /* GestureTestTests.h */,
				4EE62D1B14E8CD7A000C4928 /* GestureTestTests.m */,
				4EE62D1514E8CD7A000C4928 /* Supporting Files */,
			);
			path = GestureTestTests;
			sourceTree = "<group>";
		};
		4EE62D1514E8CD7A000C4928 /* Supporting Files */ = {
			isa = PBXGroup;
			children = (
				4EE62D1614E8CD7A000C4928 /* GestureTestTests-Info.plist */,
				4EE62D1714E8CD7A000C4928 /* InfoPlist.strings */,
			);
			name = "Supporting Files";
			sourceTree = "<group>";
		};
/* End PBXGroup section */

/* Begin PBXNativeTarget section */
		4EE62CE814E8CD79000C4928 /* GestureTest */ = {
			isa = PBXNativeTarget;
			buildConfigurationList = 4EE62D1F14E8CD7A000C4928 /* Build configuration list for PBXNativeTarget "GestureTest" */;
			buildPhases = (
				4EE62CE514E8CD79000C4928 /* Sources */,
				4EE62CE614E8CD79000C4928 /* Frameworks */,
				4EE62CE714E8CD79000C4928 /* Resources */,
			);
			buildRules = (
			);
			dependencies = (
			);
			name = GestureTest;
			productName = GestureTest;
			productReference = 4EE62CE914E8CD79000C4928 /* GestureTest.app */;
			productType = "com.apple.product-type.application";
		};
		4EE62D0C14E8CD7A000C4928 /* GestureTestTests */ = {
			isa = PBXNativeTarget;
			buildConfigurationList = 4EE62D2214E8CD7A000C4928 /* Build configuration list for PBXNativeTarget "GestureTestTests" */;
			buildPhases = (
				4EE62D0814E8CD7A000C4928 /* Sources */,
				4EE62D0914E8CD7A000C4928 /* Frameworks */,
				4EE62D0A14E8CD7A000C4928 /* Resources */,
				4EE62D0B14E8CD7A000C4928 /* ShellScript */,
			);
			buildRules = (
			);
			dependencies = (
				4EE62D1314E8CD7A000C4928 /* PBXTargetDependency */,
			);
			name = GestureTestTests;
			productName = GestureTestTests;
			productReference = 4EE62D0D14E8CD7A000C4928 /* GestureTestTests.octest */;
			productType = "com.apple.product-type.bundle";
		};
/* End PBXNativeTarget section */

/* Begin PBXProject section */
		4EE62CE014E8CD79000C4928 /* Project object */ = {
			isa = PBXProject;
			attributes = {
				LastUpgradeCheck = 0420;
			};
			buildConfigurationList = 4EE62CE314E8CD79000C4928 /* Build configuration list for PBXProject "GestureTest" */;
			compatibilityVersion = "Xcode 3.2";
			developmentRegion = English;
			hasScannedForEncodings = 0;
			knownRegions = (
				en,
			);
			mainGroup = 4EE62CDE14E8CD79000C4928;
			productRefGroup = 4EE62CEA14E8CD79000C4928 /* Products */;
			projectDirPath = "";
			projectRoot = "";
			targets = (
				4EE62CE814E8CD79000C4928 /* GestureTest */,
				4EE62D0C14E8CD7A000C4928 /* GestureTestTests */,
			);
		};
/* End PBXProject section */

/* Begin PBXResourcesBuildPhase section */
		4EE62CE714E8CD79000C4928 /* Resources */ = {
			isa = PBXResourcesBuildPhase;
			buildActionMask = 2147483647;
			files = (
				4EE62CF814E8CD7A000C4928 /* InfoPlist.strings in Resources */,
				4EE62D0114E8CD7A000C4928 /* MainStoryboard_iPhone.storyboard in Resources */,
				4EE62D0414E8CD7A000C4928 /* MainStoryboard_iPad.storyboard in Resources */,
				4EE62D2614E8CDA7000C4928 /* halp.png in Resources */,
			);
			runOnlyForDeploymentPostprocessing = 0;
		};
		4EE62D0A14E8CD7A000C4928 /* Resources */ = {
			isa = PBXResourcesBuildPhase;
			buildActionMask = 2147483647;
			files = (
				4EE62D1914E8CD7A000C4928 /* InfoPlist.strings in Resources */,
			);
			runOnlyForDeploymentPostprocessing = 0;
		};
/* End PBXResourcesBuildPhase section */

/* Begin PBXShellScriptBuildPhase section */
		4EE62D0B14E8CD7A000C4928 /* ShellScript */ = {
			isa = PBXShellScriptBuildPhase;
			buildActionMask = 2147483647;
			files = (
			);
			inputPaths = (
			);
			outputPaths = (
			);
			runOnlyForDeploymentPostprocessing = 0;
			shellPath = /bin/sh;
			shellScript = "# Run the unit tests in this test bundle.\n\"${SYSTEM_DEVELOPER_DIR}/Tools/RunUnitTests\"\n";
		};
/* End PBXShellScriptBuildPhase section */

/* Begin PBXSourcesBuildPhase section */
		4EE62CE514E8CD79000C4928 /* Sources */ = {
			isa = PBXSourcesBuildPhase;
			buildActionMask = 2147483647;
			files = (
				4EE62CFA14E8CD7A000C4928 /* main.m in Sources */,
				4EE62CFE14E8CD7A000C4928 /* AppDelegate.m in Sources */,
				4EE62D0714E8CD7A000C4928 /* ViewController.m in Sources */,
			);
			runOnlyForDeploymentPostprocessing = 0;
		};
		4EE62D0814E8CD7A000C4928 /* Sources */ = {
			isa = PBXSourcesBuildPhase;
			buildActionMask = 2147483647;
			files = (
				4EE62D1C14E8CD7A000C4928 /* GestureTestTests.m in Sources */,
			);
			runOnlyForDeploymentPostprocessing = 0;
		};
/* End PBXSourcesBuildPhase section */

/* Begin PBXTargetDependency section */
		4EE62D1314E8CD7A000C4928 /* PBXTargetDependency */ = {
			isa = PBXTargetDependency;
			target = 4EE62CE814E8CD79000C4928 /* GestureTest */;
			targetProxy = 4EE62D1214E8CD7A000C4928 /* PBXContainerItemProxy */;
		};
/* End PBXTargetDependency section */

/* Begin PBXVariantGroup section */
		4EE62CF614E8CD7A000C4928 /* InfoPlist.strings */ = {
			isa = PBXVariantGroup;
			children = (
				4EE62CF714E8CD7A000C4928 /* en */,
			);
			name = InfoPlist.strings;
			sourceTree = "<group>";
		};
		4EE62CFF14E8CD7A000C4928 /* MainStoryboard_iPhone.storyboard */ = {
			isa = PBXVariantGroup;
			children = (
				4EE62D0014E8CD7A000C4928 /* en */,
			);
			name = MainStoryboard_iPhone.storyboard;
			sourceTree = "<group>";
		};
		4EE62D0214E8CD7A000C4928 /* MainStoryboard_iPad.storyboard */ = {
			isa = PBXVariantGroup;
			children = (
				4EE62D0314E8CD7A000C4928 /* en */,
			);
			name = MainStoryboard_iPad.storyboard;
			sourceTree = "<group>";
		};
		4EE62D1714E8CD7A000C4928 /* InfoPlist.strings */ = {
			isa = PBXVariantGroup;
			children = (
				4EE62D1814E8CD7A000C4928 /* en */,
			);
			name = InfoPlist.strings;
			sourceTree = "<group>";
		};
/* End PBXVariantGroup section */

/* Begin XCBuildConfiguration section */
		4EE62D1D14E8CD7A000C4928 /* Debug */ = {
			isa = XCBuildConfiguration;
			buildSettings = {
				ALWAYS_SEARCH_USER_PATHS = NO;
				ARCHS = "$(ARCHS_STANDARD_32_BIT)";
				CLANG_ENABLE_OBJC_ARC = YES;
				"CODE_SIGN_IDENTITY[sdk=iphoneos*]" = "iPhone Developer";
				COPY_PHASE_STRIP = NO;
				GCC_C_LANGUAGE_STANDARD = gnu99;
				GCC_DYNAMIC_NO_PIC = NO;
				GCC_OPTIMIZATION_LEVEL = 0;
				GCC_PREPROCESSOR_DEFINITIONS = (
					"DEBUG=1",
					"$(inherited)",
				);
				GCC_SYMBOLS_PRIVATE_EXTERN = NO;
				GCC_VERSION = com.apple.compilers.llvm.clang.1_0;
				GCC_WARN_ABOUT_MISSING_PROTOTYPES = YES;
				GCC_WARN_ABOUT_RETURN_TYPE = YES;
				GCC_WARN_UNUSED_VARIABLE = YES;
				IPHONEOS_DEPLOYMENT_TARGET = 5.0;
				SDKROOT = iphoneos;
				TARGETED_DEVICE_FAMILY = "1,2";
			};
			name = Debug;
		};
		4EE62D1E14E8CD7A000C4928 /* Release */ = {
			isa = XCBuildConfiguration;
			buildSettings = {
				ALWAYS_SEARCH_USER_PATHS = NO;
				ARCHS = "$(ARCHS_STANDARD_32_BIT)";
				CLANG_ENABLE_OBJC_ARC = YES;
				"CODE_SIGN_IDENTITY[sdk=iphoneos*]" = "iPhone Developer";
				COPY_PHASE_STRIP = YES;
				GCC_C_LANGUAGE_STANDARD = gnu99;
				GCC_VERSION = com.apple.compilers.llvm.clang.1_0;
				GCC_WARN_ABOUT_MISSING_PROTOTYPES = YES;
				GCC_WARN_ABOUT_RETURN_TYPE = YES;
				GCC_WARN_UNUSED_VARIABLE = YES;
				IPHONEOS_DEPLOYMENT_TARGET = 5.0;
				OTHER_CFLAGS = "-DNS_BLOCK_ASSERTIONS=1";
				SDKROOT = iphoneos;
				TARGETED_DEVICE_FAMILY = "1,2";
				VALIDATE_PRODUCT = YES;
			};
			name = Release;
		};
		4EE62D2014E8CD7A000C4928 /* Debug */ = {
			isa = XCBuildConfiguration;
			buildSettings = {
				GCC_PRECOMPILE_PREFIX_HEADER = YES;
				GCC_PREFIX_HEADER = "GestureTest/GestureTest-Prefix.pch";
				INFOPLIST_FILE = "GestureTest/GestureTest-Info.plist";
				PRODUCT_NAME = "$(TARGET_NAME)";
				WRAPPER_EXTENSION = app;
			};
			name = Debug;
		};
		4EE62D2114E8CD7A000C4928 /* Release */ = {
			isa = XCBuildConfiguration;
			buildSettings = {
				GCC_PRECOMPILE_PREFIX_HEADER = YES;
				GCC_PREFIX_HEADER = "GestureTest/GestureTest-Prefix.pch";
				INFOPLIST_FILE = "GestureTest/GestureTest-Info.plist";
				PRODUCT_NAME = "$(TARGET_NAME)";
				WRAPPER_EXTENSION = app;
			};
			name = Release;
		};
		4EE62D2314E8CD7A000C4928 /* Debug */ = {
			isa = XCBuildConfiguration;
			buildSettings = {
				BUNDLE_LOADER = "$(BUILT_PRODUCTS_DIR)/GestureTest.app/GestureTest";
				FRAMEWORK_SEARCH_PATHS = (
					"$(SDKROOT)/Developer/Library/Frameworks",
					"$(DEVELOPER_LIBRARY_DIR)/Frameworks",
				);
				GCC_PRECOMPILE_PREFIX_HEADER = YES;
				GCC_PREFIX_HEADER = "GestureTest/GestureTest-Prefix.pch";
				INFOPLIST_FILE = "GestureTestTests/GestureTestTests-Info.plist";
				PRODUCT_NAME = "$(TARGET_NAME)";
				TEST_HOST = "$(BUNDLE_LOADER)";
				WRAPPER_EXTENSION = octest;
			};
			name = Debug;
		};
		4EE62D2414E8CD7A000C4928 /* Release */ = {
			isa = XCBuildConfiguration;
			buildSettings = {
				BUNDLE_LOADER = "$(BUILT_PRODUCTS_DIR)/GestureTest.app/GestureTest";
				FRAMEWORK_SEARCH_PATHS = (
					"$(SDKROOT)/Developer/Library/Frameworks",
					"$(DEVELOPER_LIBRARY_DIR)/Frameworks",
				);
				GCC_PRECOMPILE_PREFIX_HEADER = YES;
				GCC_PREFIX_HEADER = "GestureTest/GestureTest-Prefix.pch";
				INFOPLIST_FILE = "GestureTestTests/GestureTestTests-Info.plist";
				PRODUCT_NAME = "$(TARGET_NAME)";
				TEST_HOST = "$(BUNDLE_LOADER)";
				WRAPPER_EXTENSION = octest;
			};
			name = Release;
		};
/* End XCBuildConfiguration section */

/* Begin XCConfigurationList section */
		4EE62CE314E8CD79000C4928 /* Build configuration list for PBXProject "GestureTest" */ = {
			isa = XCConfigurationList;
			buildConfigurations = (
				4EE62D1D14E8CD7A000C4928 /* Debug */,
				4EE62D1E14E8CD7A000C4928 /* Release */,
			);
			defaultConfigurationIsVisible = 0;
			defaultConfigurationName = Release;
		};
		4EE62D1F14E8CD7A000C4928 /* Build configuration list for PBXNativeTarget "GestureTest" */ = {
			isa = XCConfigurationList;
			buildConfigurations = (
				4EE62D2014E8CD7A000C4928 /* Debug */,
				4EE62D2114E8CD7A000C4928 /* Release */,
			);
			defaultConfigurationIsVisible = 0;
		};
		4EE62D2214E8CD7A000C4928 /* Build configuration list for PBXNativeTarget "GestureTestTests" */ = {
			isa = XCConfigurationList;
			buildConfigurations = (
				4EE62D2314E8CD7A000C4928 /* Debug */,
				4EE62D2414E8CD7A000C4928 /* Release */,
			);
			defaultConfigurationIsVisible = 0;
		};
/* End XCConfigurationList section */
	};
	rootObject = 4EE62CE014E8CD79000C4928 /* Project object */;
}
